
Microsoft Visual Studio Solution File, Format Version 12.00
# Visual Studio Version 16
VisualStudioVersion = 16.0.29926.136
MinimumVisualStudioVersion = 10.0.40219.1
Project("{9A19103F-16F7-4668-BE54-9A1E7A4F7556}") = "leave-management", "leave-management\leave-management.csproj", "{AD5A7476-D445-4D6D-9341-EE0CFCDE3D27}"
EndProject
Project("{2150E333-8FDC-42A3-9474-1A3956D46DE8}") = "Solution Items", "Solution Items", "{E01E21BC-6D6F-4D4F-A091-78C752FCD576}"
	ProjectSection(SolutionItems) = preProject
		.editorconfig = .editorconfig
	EndProjectSection
EndProject
Project("{2150E333-8FDC-42A3-9474-1A3956D46DE8}") = "docs", "docs", "{2A6A6381-684B-4A82-95D4-D70BB7FE2D4B}"
	ProjectSection(SolutionItems) = preProject
		!Check list in function add.txt = !Check list in function add.txt
		Localization checklist.txt = Localization checklist.txt
	EndProjectSection
EndProject
Project("{9A19103F-16F7-4668-BE54-9A1E7A4F7556}") = "LeaveManagementTests", "LeaveManagementTests\LeaveManagementTests.csproj", "{4E42219F-089C-4FD5-B44B-4B94C2A545AB}"
EndProject
Global
	GlobalSection(SolutionConfigurationPlatforms) = preSolution
		Debug|Any CPU = Debug|Any CPU
		Release local server|Any CPU = Release local server|Any CPU
		Release|Any CPU = Release|Any CPU
	EndGlobalSection
	GlobalSection(ProjectConfigurationPlatforms) = postSolution
		{AD5A7476-D445-4D6D-9341-EE0CFCDE3D27}.Debug|Any CPU.ActiveCfg = Debug|Any CPU
		{AD5A7476-D445-4D6D-9341-EE0CFCDE3D27}.Debug|Any CPU.Build.0 = Debug|Any CPU
		{AD5A7476-D445-4D6D-9341-EE0CFCDE3D27}.Release local server|Any CPU.ActiveCfg = Release|Any CPU
		{AD5A7476-D445-4D6D-9341-EE0CFCDE3D27}.Release local server|Any CPU.Build.0 = Release|Any CPU
		{AD5A7476-D445-4D6D-9341-EE0CFCDE3D27}.Release|Any CPU.ActiveCfg = Release|Any CPU
		{AD5A7476-D445-4D6D-9341-EE0CFCDE3D27}.Release|Any CPU.Build.0 = Release|Any CPU
		{4E42219F-089C-4FD5-B44B-4B94C2A545AB}.Debug|Any CPU.ActiveCfg = Debug|Any CPU
		{4E42219F-089C-4FD5-B44B-4B94C2A545AB}.Debug|Any CPU.Build.0 = Debug|Any CPU
		{4E42219F-089C-4FD5-B44B-4B94C2A545AB}.Release local server|Any CPU.ActiveCfg = Release|Any CPU
		{4E42219F-089C-4FD5-B44B-4B94C2A545AB}.Release local server|Any CPU.Build.0 = Release|Any CPU
		{4E42219F-089C-4FD5-B44B-4B94C2A545AB}.Release|Any CPU.ActiveCfg = Release|Any CPU
		{4E42219F-089C-4FD5-B44B-4B94C2A545AB}.Release|Any CPU.Build.0 = Release|Any CPU
	EndGlobalSection
	GlobalSection(SolutionProperties) = preSolution
		HideSolutionNode = FALSE
	EndGlobalSection
	GlobalSection(ExtensibilityGlobals) = postSolution
		SolutionGuid = {A45B4A35-6CC9-4A40-AC8D-FAACE9477DCB}
	EndGlobalSection
EndGlobal
